PODS:
  - OCMock (3.1.1)
  - RDLoveSeeker (0.1.0)

DEPENDENCIES:
  - OCMock
  - RDLoveSeeker (from `git@github.com:restorando/RDLoveSeeker.git`)

EXTERNAL SOURCES:
  RDLoveSeeker:
    :git: git@github.com:restorando/RDLoveSeeker.git

SPEC CHECKSUMS:
  OCMock: f6cb8c162ab9d5620dddf411282c7b2c0ee78854
  RDLoveSeeker: 46725d3260ba1c97efae9232afd35f3bb2428891

COCOAPODS: 0.33.1
